// !$*UTF8*$!
{
	archiveVersion = 1;
	classes = {
	};
	objectVersion = 50;
	objects = {

/* Begin PBXBuildFile section */
		53E7B29C21A4AF060011BB57 /* FizzBuzzSwift.framework in Frameworks */ = {isa = PBXBuildFile; fileRef = 53E7B29221A4AF060011BB57 /* FizzBuzzSwift.framework */; };
		53E7B2A121A4AF060011BB57 /* FizzBuzzSwiftTests.swift in Sources */ = {isa = PBXBuildFile; fileRef = 53E7B2A021A4AF060011BB57 /* FizzBuzzSwiftTests.swift */; };
		53E7B2A321A4AF060011BB57 /* FizzBuzzSwift.h in Headers */ = {isa = PBXBuildFile; fileRef = 53E7B29521A4AF060011BB57 /* FizzBuzzSwift.h */; settings = {ATTRIBUTES = (Public, ); }; };
		53E7B2AD21A4B6A00011BB57 /* FizzBuzz.swift in Sources */ = {isa = PBXBuildFile; fileRef = 53E7B2AC21A4B6A00011BB57 /* FizzBuzz.swift */; };
/* End PBXBuildFile section */

/* Begin PBXContainerItemProxy section */
		53E7B29D21A4AF060011BB57 /* PBXContainerItemProxy */ = {
			isa = PBXContainerItemProxy;
			containerPortal = 53E7B28921A4AF060011BB57 /* Project object */;
			proxyType = 1;
			remoteGlobalIDString = 53E7B29121A4AF060011BB57;
			remoteInfo = FizzBuzzSwift;
		};
/* End PBXContainerItemProxy section */

/* Begin PBXFileReference section */
		53E7B29221A4AF060011BB57 /* FizzBuzzSwift.framework */ = {isa = PBXFileReference; explicitFileType = wrapper.framework; includeInIndex = 0; path = FizzBuzzSwift.framework; sourceTree = BUILT_PRODUCTS_DIR; };
		53E7B29521A4AF060011BB57 /* FizzBuzzSwift.h */ = {isa = PBXFileReference; lastKnownFileType = sourcecode.c.h; path = FizzBuzzSwift.h; sourceTree = "<group>"; };
		53E7B29621A4AF060011BB57 /* Info.plist */ = {isa = PBXFileReference; lastKnownFileType = text.plist.xml; path = Info.plist; sourceTree = "<group>"; };
		53E7B29B21A4AF060011BB57 /* FizzBuzzSwiftTests.xctest */ = {isa = PBXFileReference; explicitFileType = wrapper.cfbundle; includeInIndex = 0; path = FizzBuzzSwiftTests.xctest; sourceTree = BUILT_PRODUCTS_DIR; };
		53E7B2A021A4AF060011BB57 /* FizzBuzzSwiftTests.swift */ = {isa = PBXFileReference; lastKnownFileType = sourcecode.swift; path = FizzBuzzSwiftTests.swift; sourceTree = "<group>"; };
		53E7B2A221A4AF060011BB57 /* Info.plist */ = {isa = PBXFileReference; lastKnownFileType = text.plist.xml; path = Info.plist; sourceTree = "<group>"; };
		53E7B2AC21A4B6A00011BB57 /* FizzBuzz.swift */ = {isa = PBXFileReference; lastKnownFileType = sourcecode.swift; path = FizzBuzz.swift; sourceTree = "<group>"; };
/* End PBXFileReference section */

/* Begin PBXFrameworksBuildPhase section */
		53E7B28F21A4AF060011BB57 /* Frameworks */ = {
			isa = PBXFrameworksBuildPhase;
			buildActionMask = 2147483647;
			files = (
			);
			runOnlyForDeploymentPostprocessing = 0;
		};
		53E7B29821A4AF060011BB57 /* Frameworks */ = {
			isa = PBXFrameworksBuildPhase;
			buildActionMask = 2147483647;
			files = (
				53E7B29C21A4AF060011BB57 /* FizzBuzzSwift.framework in Frameworks */,
			);
			runOnlyForDeploymentPostprocessing = 0;
		};
/* End PBXFrameworksBuildPhase section */

/* Begin PBXGroup section */
		53E7B28821A4AF060011BB57 = {
			isa = PBXGroup;
			children = (
				53E7B29421A4AF060011BB57 /* FizzBuzzSwift */,
				53E7B29F21A4AF060011BB57 /* FizzBuzzSwiftTests */,
				53E7B29321A4AF060011BB57 /* Products */,
			);
			sourceTree = "<group>";
		};
		53E7B29321A4AF060011BB57 /* Products */ = {
			isa = PBXGroup;
			children = (
				53E7B29221A4AF060011BB57 /* FizzBuzzSwift.framework */,
				53E7B29B21A4AF060011BB57 /* FizzBuzzSwiftTests.xctest */,
			);
			name = Products;
			sourceTree = "<group>";
		};
		53E7B29421A4AF060011BB57 /* FizzBuzzSwift */ = {
			isa = PBXGroup;
			children = (
				53E7B29521A4AF060011BB57 /* FizzBuzzSwift.h */,
				53E7B29621A4AF060011BB57 /* Info.plist */,
				53E7B2AC21A4B6A00011BB57 /* FizzBuzz.swift */,
			);
			path = FizzBuzzSwift;
			sourceTree = "<group>";
		};
		53E7B29F21A4AF060011BB57 /* FizzBuzzSwiftTests */ = {
			isa = PBXGroup;
			children = (
				53E7B2A021A4AF060011BB57 /* FizzBuzzSwiftTests.swift */,
				53E7B2A221A4AF060011BB57 /* Info.plist */,
			);
			path = FizzBuzzSwiftTests;
			sourceTree = "<group>";
		};
/* End PBXGroup section */

/* Begin PBXHeadersBuildPhase section */
		53E7B28D21A4AF060011BB57 /* Headers */ = {
			isa = PBXHeadersBuildPhase;
			buildActionMask = 2147483647;
			files = (
				53E7B2A321A4AF060011BB57 /* FizzBuzzSwift.h in Headers */,
			);
			runOnlyForDeploymentPostprocessing = 0;
		};
/* End PBXHeadersBuildPhase section */

/* Begin PBXNativeTarget section */
		53E7B29121A4AF060011BB57 /* FizzBuzzSwift */ = {
			isa = PBXNativeTarget;
			buildConfigurationList = 53E7B2A621A4AF060011BB57 /* Build configuration list for PBXNativeTarget "FizzBuzzSwift" */;
			buildPhases = (
				53E7B28D21A4AF060011BB57 /* Headers */,
				53E7B28E21A4AF060011BB57 /* Sources */,
				53E7B28F21A4AF060011BB57 /* Frameworks */,
				53E7B29021A4AF060011BB57 /* Resources */,
			);
			buildRules = (
			);
			dependencies = (
			);
			name = FizzBuzzSwift;
			productName = FizzBuzzSwift;
			productReference = 53E7B29221A4AF060011BB57 /* FizzBuzzSwift.framework */;
			productType = "com.apple.product-type.framework";
		};
		53E7B29A21A4AF060011BB57 /* FizzBuzzSwiftTests */ = {
			isa = PBXNativeTarget;
			buildConfigurationList = 53E7B2A921A4AF060011BB57 /* Build configuration list for PBXNativeTarget "FizzBuzzSwiftTests" */;
			buildPhases = (
				53E7B29721A4AF060011BB57 /* Sources */,
				53E7B29821A4AF060011BB57 /* Frameworks */,
				53E7B29921A4AF060011BB57 /* Resources */,
			);
			buildRules = (
			);
			dependencies = (
				53E7B29E21A4AF060011BB57 /* PBXTargetDependency */,
			);
			name = FizzBuzzSwiftTests;
			productName = FizzBuzzSwiftTests;
			productReference = 53E7B29B21A4AF060011BB57 /* FizzBuzzSwiftTests.xctest */;
			productType = "com.apple.product-type.bundle.unit-test";
		};
/* End PBXNativeTarget section */

/* Begin PBXProject section */
		53E7B28921A4AF060011BB57 /* Project object */ = {
			isa = PBXProject;
			attributes = {
				LastSwiftUpdateCheck = 1010;
				LastUpgradeCheck = 1010;
				ORGANIZATIONNAME = "Edyta Bednarz";
				TargetAttributes = {
					53E7B29121A4AF060011BB57 = {
						CreatedOnToolsVersion = 10.1;
						LastSwiftMigration = 1010;
					};
					53E7B29A21A4AF060011BB57 = {
						CreatedOnToolsVersion = 10.1;
					};
				};
			};
			buildConfigurationList = 53E7B28C21A4AF060011BB57 /* Build configuration list for PBXProject "FizzBuzzSwift" */;
			compatibilityVersion = "Xcode 9.3";
			developmentRegion = en;
			hasScannedForEncodings = 0;
			knownRegions = (
				en,
			);
			mainGroup = 53E7B28821A4AF060011BB57;
			productRefGroup = 53E7B29321A4AF060011BB57 /* Products */;
			projectDirPath = "";
			projectRoot = "";
			targets = (
				53E7B29121A4AF060011BB57 /* FizzBuzzSwift */,
				53E7B29A21A4AF060011BB57 /* FizzBuzzSwiftTests */,
			);
		};
/* End PBXProject section */

/* Begin PBXResourcesBuildPhase section */
		53E7B29021A4AF060011BB57 /* Resources */ = {
			isa = PBXResourcesBuildPhase;
			buildActionMask = 2147483647;
			files = (
			);
			runOnlyForDeploymentPostprocessing = 0;
		};
		53E7B29921A4AF060011BB57 /* Resources */ = {
			isa = PBXResourcesBuildPhase;
			buildActionMask = 2147483647;
			files = (
			);
			runOnlyForDeploymentPostprocessing = 0;
		};
/* End PBXResourcesBuildPhase section */

/* Begin PBXSourcesBuildPhase section */
		53E7B28E21A4AF060011BB57 /* Sources */ = {
			isa = PBXSourcesBuildPhase;
			buildActionMask = 2147483647;
			files = (
				53E7B2AD21A4B6A00011BB57 /* FizzBuzz.swift in Sources */,
			);
			runOnlyForDeploymentPostprocessing = 0;
		};
		53E7B29721A4AF060011BB57 /* Sources */ = {
			isa = PBXSourcesBuildPhase;
			buildActionMask = 2147483647;
			files = (
				53E7B2A121A4AF060011BB57 /* FizzBuzzSwiftTests.swift in Sources */,
			);
			runOnlyForDeploymentPostprocessing = 0;
		};
/* End PBXSourcesBuildPhase section */

/* Begin PBXTargetDependency section */
		53E7B29E21A4AF060011BB57 /* PBXTargetDependency */ = {
			isa = PBXTargetDependency;
			target = 53E7B29121A4AF060011BB57 /* FizzBuzzSwift */;
			targetProxy = 53E7B29D21A4AF060011BB57 /* PBXContainerItemProxy */;
		};
/* End PBXTargetDependency section */

/* Begin XCBuildConfiguration section */
		53E7B2A421A4AF060011BB57 /* Debug */ = {
			isa = XCBuildConfiguration;
			buildSettings = {
				ALWAYS_SEARCH_USER_PATHS = NO;
				CLANG_ANALYZER_NONNULL = YES;
				CLANG_ANALYZER_NUMBER_OBJECT_CONVERSION = YES_AGGRESSIVE;
				CLANG_CXX_LANGUAGE_STANDARD = "gnu++14";
				CLANG_CXX_LIBRARY = "libc++";
				CLANG_ENABLE_MODULES = YES;
				CLANG_ENABLE_OBJC_ARC = YES;
				CLANG_ENABLE_OBJC_WEAK = YES;
				CLANG_WARN_BLOCK_CAPTURE_AUTORELEASING = YES;
				CLANG_WARN_BOOL_CONVERSION = YES;
				CLANG_WARN_COMMA = YES;
				CLANG_WARN_CONSTANT_CONVERSION = YES;
				CLANG_WARN_DEPRECATED_OBJC_IMPLEMENTATIONS = YES;
				CLANG_WARN_DIRECT_OBJC_ISA_USAGE = YES_ERROR;
				CLANG_WARN_DOCUMENTATION_COMMENTS = YES;
				CLANG_WARN_EMPTY_BODY = YES;
				CLANG_WARN_ENUM_CONVERSION = YES;
				CLANG_WARN_INFINITE_RECURSION = YES;
				CLANG_WARN_INT_CONVERSION = YES;
				CLANG_WARN_NON_LITERAL_NULL_CONVERSION = YES;
				CLANG_WARN_OBJC_IMPLICIT_RETAIN_SELF = YES;
				CLANG_WARN_OBJC_LITERAL_CONVERSION = YES;
				CLANG_WARN_OBJC_ROOT_CLASS = YES_ERROR;
				CLANG_WARN_RANGE_LOOP_ANALYSIS = YES;
				CLANG_WARN_STRICT_PROTOTYPES = YES;
				CLANG_WARN_SUSPICIOUS_MOVE = YES;
				CLANG_WARN_UNGUARDED_AVAILABILITY = YES_AGGRESSIVE;
				CLANG_WARN_UNREACHABLE_CODE = YES;
				CLANG_WARN__DUPLICATE_METHOD_MATCH = YES;
				CODE_SIGN_IDENTITY = "-";
				COPY_PHASE_STRIP = NO;
				CURRENT_PROJECT_VERSION = 1;
				DEBUG_INFORMATION_FORMAT = dwarf;
				ENABLE_STRICT_OBJC_MSGSEND = YES;
				ENABLE_TESTABILITY = YES;
				GCC_C_LANGUAGE_STANDARD = gnu11;
				GCC_DYNAMIC_NO_PIC = NO;
				GCC_NO_COMMON_BLOCKS = YES;
				GCC_OPTIMIZATION_LEVEL = 0;
				GCC_PREPROCESSOR_DEFINITIONS = (
					"DEBUG=1",
					"$(inherited)",
				);
				GCC_WARN_64_TO_32_BIT_CONVERSION = YES;
				GCC_WARN_ABOUT_RETURN_TYPE = YES_ERROR;
				GCC_WARN_UNDECLARED_SELECTOR = YES;
				GCC_WARN_UNINITIALIZED_AUTOS = YES_AGGRESSIVE;
				GCC_WARN_UNUSED_FUNCTION = YES;
				GCC_WARN_UNUSED_VARIABLE = YES;
				MACOSX_DEPLOYMENT_TARGET = 10.14;
				MTL_ENABLE_DEBUG_INFO = INCLUDE_SOURCE;
				MTL_FAST_MATH = YES;
				ONLY_ACTIVE_ARCH = YES;
				SDKROOT = macosx;
				SWIFT_ACTIVE_COMPILATION_CONDITIONS = DEBUG;
				SWIFT_OPTIMIZATION_LEVEL = "-Onone";
				VERSIONING_SYSTEM = "apple-generic";
				VERSION_INFO_PREFIX = "";
			};
			name = Debug;
		};
		53E7B2A521A4AF060011BB57 /* Release */ = {
			isa = XCBuildConfiguration;
			buildSettings = {
				ALWAYS_SEARCH_USER_PATHS = NO;
				CLANG_ANALYZER_NONNULL = YES;
				CLANG_ANALYZER_NUMBER_OBJECT_CONVERSION = YES_AGGRESSIVE;
				CLANG_CXX_LANGUAGE_STANDARD = "gnu++14";
				CLANG_CXX_LIBRARY = "libc++";
				CLANG_ENABLE_MODULES = YES;
				CLANG_ENABLE_OBJC_ARC = YES;
				CLANG_ENABLE_OBJC_WEAK = YES;
				CLANG_WARN_BLOCK_CAPTURE_AUTORELEASING = YES;
				CLANG_WARN_BOOL_CONVERSION = YES;
				CLANG_WARN_COMMA = YES;
				CLANG_WARN_CONSTANT_CONVERSION = YES;
				CLANG_WARN_DEPRECATED_OBJC_IMPLEMENTATIONS = YES;
				CLANG_WARN_DIRECT_OBJC_ISA_USAGE = YES_ERROR;
				CLANG_WARN_DOCUMENTATION_COMMENTS = YES;
				CLANG_WARN_EMPTY_BODY = YES;
				CLANG_WARN_ENUM_CONVERSION = YES;
				CLANG_WARN_INFINITE_RECURSION = YES;
				CLANG_WARN_INT_CONVERSION = YES;
				CLANG_WARN_NON_LITERAL_NULL_CONVERSION = YES;
				CLANG_WARN_OBJC_IMPLICIT_RETAIN_SELF = YES;
				CLANG_WARN_OBJC_LITERAL_CONVERSION = YES;
				CLANG_WARN_OBJC_ROOT_CLASS = YES_ERROR;
				CLANG_WARN_RANGE_LOOP_ANALYSIS = YES;
				CLANG_WARN_STRICT_PROTOTYPES = YES;
				CLANG_WARN_SUSPICIOUS_MOVE = YES;
				CLANG_WARN_UNGUARDED_AVAILABILITY = YES_AGGRESSIVE;
				CLANG_WARN_UNREACHABLE_CODE = YES;
				CLANG_WARN__DUPLICATE_METHOD_MATCH = YES;
				CODE_SIGN_IDENTITY = "-";
				COPY_PHASE_STRIP = NO;
				CURRENT_PROJECT_VERSION = 1;
				DEBUG_INFORMATION_FORMAT = "dwarf-with-dsym";
				ENABLE_NS_ASSERTIONS = NO;
				ENABLE_STRICT_OBJC_MSGSEND = YES;
				GCC_C_LANGUAGE_STANDARD = gnu11;
				GCC_NO_COMMON_BLOCKS = YES;
				GCC_WARN_64_TO_32_BIT_CONVERSION = YES;
				GCC_WARN_ABOUT_RETURN_TYPE = YES_ERROR;
				GCC_WARN_UNDECLARED_SELECTOR = YES;
				GCC_WARN_UNINITIALIZED_AUTOS = YES_AGGRESSIVE;
				GCC_WARN_UNUSED_FUNCTION = YES;
				GCC_WARN_UNUSED_VARIABLE = YES;
				MACOSX_DEPLOYMENT_TARGET = 10.14;
				MTL_ENABLE_DEBUG_INFO = NO;
				MTL_FAST_MATH = YES;
				SDKROOT = macosx;
				SWIFT_COMPILATION_MODE = wholemodule;
				SWIFT_OPTIMIZATION_LEVEL = "-O";
				VERSIONING_SYSTEM = "apple-generic";
				VERSION_INFO_PREFIX = "";
			};
			name = Release;
		};
		53E7B2A721A4AF060011BB57 /* Debug */ = {
			isa = XCBuildConfiguration;
			buildSettings = {
				CLANG_ENABLE_MODULES = YES;
				CODE_SIGN_IDENTITY = "";
				CODE_SIGN_STYLE = Automatic;
				COMBINE_HIDPI_IMAGES = YES;
				DEFINES_MODULE = YES;
				DYLIB_COMPATIBILITY_VERSION = 1;
				DYLIB_CURRENT_VERSION = 1;
				DYLIB_INSTALL_NAME_BASE = "@rpath";
				FRAMEWORK_VERSION = A;
				INFOPLIST_FILE = FizzBuzzSwift/Info.plist;
				INSTALL_PATH = "$(LOCAL_LIBRARY_DIR)/Frameworks";
				LD_RUNPATH_SEARCH_PATHS = (
					"$(inherited)",
					"@executable_path/../Frameworks",
					"@loader_path/Frameworks",
				);
				PRODUCT_BUNDLE_IDENTIFIER = makers.FizzBuzzSwift;
				PRODUCT_NAME = "$(TARGET_NAME:c99extidentifier)";
				SKIP_INSTALL = YES;
				SWIFT_OPTIMIZATION_LEVEL = "-Onone";
				SWIFT_VERSION = 4.2;
			};
			name = Debug;
		};
		53E7B2A821A4AF060011BB57 /* Release */ = {
			isa = XCBuildConfiguration;
			buildSettings = {
				CLANG_ENABLE_MODULES = YES;
				CODE_SIGN_IDENTITY = "";
				CODE_SIGN_STYLE = Automatic;
				COMBINE_HIDPI_IMAGES = YES;
				DEFINES_MODULE = YES;
				DYLIB_COMPATIBILITY_VERSION = 1;
				DYLIB_CURRENT_VERSION = 1;
				DYLIB_INSTALL_NAME_BASE = "@rpath";
				FRAMEWORK_VERSION = A;
				INFOPLIST_FILE = FizzBuzzSwift/Info.plist;
				INSTALL_PATH = "$(LOCAL_LIBRARY_DIR)/Frameworks";
				LD_RUNPATH_SEARCH_PATHS = (
					"$(inherited)",
					"@executable_path/../Frameworks",
					"@loader_path/Frameworks",
				);
				PRODUCT_BUNDLE_IDENTIFIER = makers.FizzBuzzSwift;
				PRODUCT_NAME = "$(TARGET_NAME:c99extidentifier)";
				SKIP_INSTALL = YES;
				SWIFT_VERSION = 4.2;
			};
			name = Release;
		};
		53E7B2AA21A4AF060011BB57 /* Debug */ = {
			isa = XCBuildConfiguration;
			buildSettings = {
				ALWAYS_EMBED_SWIFT_STANDARD_LIBRARIES = YES;
				CODE_SIGN_STYLE = Automatic;
				COMBINE_HIDPI_IMAGES = YES;
				INFOPLIST_FILE = FizzBuzzSwiftTests/Info.plist;
				LD_RUNPATH_SEARCH_PATHS = (
					"$(inherited)",
					"@executable_path/../Frameworks",
					"@loader_path/../Frameworks",
				);
				PRODUCT_BUNDLE_IDENTIFIER = makers.FizzBuzzSwiftTests;
				PRODUCT_NAME = "$(TARGET_NAME)";
				SWIFT_VERSION = 4.2;
			};
			name = Debug;
		};
		53E7B2AB21A4AF060011BB57 /* Release */ = {
			isa = XCBuildConfiguration;
			buildSettings = {
				ALWAYS_EMBED_SWIFT_STANDARD_LIBRARIES = YES;
				CODE_SIGN_STYLE = Automatic;
				COMBINE_HIDPI_IMAGES = YES;
				INFOPLIST_FILE = FizzBuzzSwiftTests/Info.plist;
				LD_RUNPATH_SEARCH_PATHS = (
					"$(inherited)",
					"@executable_path/../Frameworks",
					"@loader_path/../Frameworks",
				);
				PRODUCT_BUNDLE_IDENTIFIER = makers.FizzBuzzSwiftTests;
				PRODUCT_NAME = "$(TARGET_NAME)";
				SWIFT_VERSION = 4.2;
			};
			name = Release;
		};
/* End XCBuildConfiguration section */

/* Begin XCConfigurationList section */
		53E7B28C21A4AF060011BB57 /* Build configuration list for PBXProject "FizzBuzzSwift" */ = {
			isa = XCConfigurationList;
			buildConfigurations = (
				53E7B2A421A4AF060011BB57 /* Debug */,
				53E7B2A521A4AF060011BB57 /* Release */,
			);
			defaultConfigurationIsVisible = 0;
			defaultConfigurationName = Release;
		};
		53E7B2A621A4AF060011BB57 /* Build configuration list for PBXNativeTarget "FizzBuzzSwift" */ = {
			isa = XCConfigurationList;
			buildConfigurations = (
				53E7B2A721A4AF060011BB57 /* Debug */,
				53E7B2A821A4AF060011BB57 /* Release */,
			);
			defaultConfigurationIsVisible = 0;
			defaultConfigurationName = Release;
		};
		53E7B2A921A4AF060011BB57 /* Build configuration list for PBXNativeTarget "FizzBuzzSwiftTests" */ = {
			isa = XCConfigurationList;
			buildConfigurations = (
				53E7B2AA21A4AF060011BB57 /* Debug */,
				53E7B2AB21A4AF060011BB57 /* Release */,
			);
			defaultConfigurationIsVisible = 0;
			defaultConfigurationName = Release;
		};
/* End XCConfigurationList section */
	};
	rootObject = 53E7B28921A4AF060011BB57 /* Project object */;
}
